{
  "requires": true,
  "lockfileVersion": 1,
  "dependencies": {
    "@babel/runtime": {
      "version": "7.6.2",
      "resolved": "https://registry.npmjs.org/@babel/runtime/-/runtime-7.6.2.tgz",
      "integrity": "sha512-EXxN64agfUqqIGeEjI5dL5z0Sw0ZwWo1mLTi4mQowCZ42O59b7DRpZAnTC6OqdF28wMBMFKNb/4uFGrVaigSpg==",
      "requires": {
        "regenerator-runtime": "^0.13.2"
      }
    },
    "@fortawesome/fontawesome-common-types": {
      "version": "0.2.25",
      "resolved": "https://registry.npmjs.org/@fortawesome/fontawesome-common-types/-/fontawesome-common-types-0.2.25.tgz",
      "integrity": "sha512-3RuZPDuuPELd7RXtUqTCfed14fcny9UiPOkdr2i+cYxBoTOfQgxcDoq77fHiiHcgWuo1LoBUpvGxFF1H/y7s3Q=="
    },
    "@fortawesome/fontawesome-free": {
      "version": "5.11.2",
      "resolved": "https://registry.npmjs.org/@fortawesome/fontawesome-free/-/fontawesome-free-5.11.2.tgz",
      "integrity": "sha512-XiUPoS79r1G7PcpnNtq85TJ7inJWe0v+b5oZJZKb0pGHNIV6+UiNeQWiFGmuQ0aj7GEhnD/v9iqxIsjuRKtEnQ=="
    },
    "@fortawesome/fontawesome-svg-core": {
      "version": "1.2.25",
      "resolved": "https://registry.npmjs.org/@fortawesome/fontawesome-svg-core/-/fontawesome-svg-core-1.2.25.tgz",
      "integrity": "sha512-MotKnn53JKqbkLQiwcZSBJVYtTgIKFbh7B8+kd05TSnfKYPFmjKKI59o2fpz5t0Hzl35vVGU6+N4twoOpZUrqA==",
      "requires": {
        "@fortawesome/fontawesome-common-types": "^0.2.25"
      }
    },
    "@fortawesome/react-fontawesome": {
      "version": "0.1.5",
      "resolved": "https://registry.npmjs.org/@fortawesome/react-fontawesome/-/react-fontawesome-0.1.5.tgz",
      "integrity": "sha512-WYDKTgyAWOncujWhhzhW7k8sgO5Eo2pZTUL51yNzSQNBUwwr6rNKg/JUSE3iebaU1XShHw74aKc1kJ+jvtRNew==",
      "requires": {
        "prop-types": "^15.5.10"
      }
    },
    "@react-spring/addons": {
      "version": "9.0.0-canary.809.3.a66b280",
      "resolved": "https://registry.npmjs.org/@react-spring/addons/-/addons-9.0.0-canary.809.3.a66b280.tgz",
      "integrity": "sha512-TBPNjaipjDaTKOfMYYDXAupmQvDq60UcjyGibCluftEkT7DyTlSPXrxTvSinaZ3s913GRCx7TBTfRYOWZS4KJQ==",
      "requires": {
        "@babel/runtime": "^7.3.1",
        "@react-spring/animated": "9.0.0-canary.809.3.a66b280",
        "@react-spring/core": "9.0.0-canary.809.3.a66b280",
        "use-memo-one": "^1.1.0"
      }
    },
    "@react-spring/animated": {
      "version": "9.0.0-canary.809.3.a66b280",
      "resolved": "https://registry.npmjs.org/@react-spring/animated/-/animated-9.0.0-canary.809.3.a66b280.tgz",
      "integrity": "sha512-AD2iXxGcXiMck51+/3Qqz1kXu5YaACWmXerqMhFdZg10iK/xFky82BlpinlrTz1SksQAOymAVfRxHYIr614+8g==",
      "requires": {
        "@babel/runtime": "^7.3.1",
        "@react-spring/shared": "9.0.0-canary.809.3.a66b280"
      }
    },
    "@react-spring/core": {
      "version": "9.0.0-canary.809.3.a66b280",
      "resolved": "https://registry.npmjs.org/@react-spring/core/-/core-9.0.0-canary.809.3.a66b280.tgz",
      "integrity": "sha512-HIQzFdAcdQTVOZwBhgLtaPieGGFVqRRu+/K1+KdVHGhle3NUu/w8CeaFfyf/LEEaofxUpXMwhpk9W1M2iNGuBg==",
      "requires": {
        "@babel/runtime": "^7.3.1",
        "@react-spring/animated": "9.0.0-canary.809.3.a66b280",
        "@react-spring/shared": "9.0.0-canary.809.3.a66b280",
        "use-memo-one": "^1.1.0"
      }
    },
    "@react-spring/konva": {
      "version": "9.0.0-canary.809.3.a66b280",
      "resolved": "https://registry.npmjs.org/@react-spring/konva/-/konva-9.0.0-canary.809.3.a66b280.tgz",
      "integrity": "sha512-2B/iyUkOIxedRPkgRZ1KWIiAiAC4l2zm4s6GsAzu+aFpxxTJJg9etISlOg9Bj1/8uk8imtb+SPzO3VcBH51f3w==",
      "requires": {
        "@babel/runtime": "^7.3.1",
        "@react-spring/animated": "9.0.0-canary.809.3.a66b280",
        "@react-spring/core": "9.0.0-canary.809.3.a66b280",
        "@react-spring/shared": "9.0.0-canary.809.3.a66b280"
      }
    },
    "@react-spring/native": {
      "version": "9.0.0-canary.809.3.a66b280",
      "resolved": "https://registry.npmjs.org/@react-spring/native/-/native-9.0.0-canary.809.3.a66b280.tgz",
      "integrity": "sha512-dquOnTS9RS6JJ4eTZrf0eaTLorjtzRpgCCWdgphkLQhEE+73a+T/iGyU06rBbxddSbcBSNaKKMVphEcyfCcvQQ==",
      "requires": {
        "@babel/runtime": "^7.3.1",
        "@react-spring/animated": "9.0.0-canary.809.3.a66b280",
        "@react-spring/core": "9.0.0-canary.809.3.a66b280",
        "@react-spring/shared": "9.0.0-canary.809.3.a66b280"
      }
    },
    "@react-spring/shared": {
      "version": "9.0.0-canary.809.3.a66b280",
      "resolved": "https://registry.npmjs.org/@react-spring/shared/-/shared-9.0.0-canary.809.3.a66b280.tgz",
      "integrity": "sha512-P8l3ulIWa4aYvc7ShGsRolPf+CsQjUdJ0/0ZO/mgcW0/2NBfsqQBZ/2BFSmHKx22EakiRcxau8LxE8riHj9jRA==",
      "requires": {
        "@babel/runtime": "^7.3.1"
      }
    },
    "@react-spring/three": {
      "version": "9.0.0-canary.809.3.a66b280",
      "resolved": "https://registry.npmjs.org/@react-spring/three/-/three-9.0.0-canary.809.3.a66b280.tgz",
      "integrity": "sha512-fITytn3Rjp20epaUi13mtX6bEGYxjuW1P7GhxNjYUNTKR+DJnMWY5CilrOFwDuqaAKrifqBgoNVcS2roBSXd4Q==",
      "requires": {
        "@babel/runtime": "^7.3.1",
        "@react-spring/animated": "9.0.0-canary.809.3.a66b280",
        "@react-spring/core": "9.0.0-canary.809.3.a66b280",
        "@react-spring/shared": "9.0.0-canary.809.3.a66b280"
      }
    },
    "@react-spring/web": {
      "version": "9.0.0-canary.809.3.a66b280",
      "resolved": "https://registry.npmjs.org/@react-spring/web/-/web-9.0.0-canary.809.3.a66b280.tgz",
      "integrity": "sha512-L4Sm4bMy5i9QG3ZCSsPxbQPF0zGtFY5Q9wwMVLAfQ1hTd1PUwPsnXRrEynND5qShTDrMuYwV/NSOnZUVUp/oOg==",
      "requires": {
        "@babel/runtime": "^7.3.1",
        "@react-spring/animated": "9.0.0-canary.809.3.a66b280",
        "@react-spring/core": "9.0.0-canary.809.3.a66b280",
        "@react-spring/shared": "9.0.0-canary.809.3.a66b280"
      }
    },
    "@react-spring/zdog": {
      "version": "9.0.0-canary.809.3.a66b280",
      "resolved": "https://registry.npmjs.org/@react-spring/zdog/-/zdog-9.0.0-canary.809.3.a66b280.tgz",
      "integrity": "sha512-qUuW8bawgayRe73ilP5uFMri/T98Aj/j7GgjqmYa5rpF8KyN980EXpSsksNeoCc+YGI00oh4l1a68Vh05zmwXw==",
      "requires": {
        "@babel/runtime": "^7.3.1",
        "@react-spring/animated": "9.0.0-canary.809.3.a66b280",
        "@react-spring/core": "9.0.0-canary.809.3.a66b280",
        "@react-spring/shared": "9.0.0-canary.809.3.a66b280"
      }
    },
    "@types/classnames": {
      "version": "2.2.9",
      "resolved": "https://registry.npmjs.org/@types/classnames/-/classnames-2.2.9.tgz",
      "integrity": "sha512-MNl+rT5UmZeilaPxAVs6YaPC2m6aA8rofviZbhbxpPpl61uKodfdQVsBtgJGTqGizEf02oW3tsVe7FYB8kK14A=="
    },
    "@types/prop-types": {
      "version": "15.7.3",
      "resolved": "https://registry.npmjs.org/@types/prop-types/-/prop-types-15.7.3.tgz",
      "integrity": "sha512-KfRL3PuHmqQLOG+2tGpRO26Ctg+Cq1E01D2DMriKEATHgWLfeNDmq9e29Q9WIky0dQ3NPkd1mzYH8Lm936Z9qw=="
    },
    "@types/react": {
      "version": "16.9.4",
      "resolved": "https://registry.npmjs.org/@types/react/-/react-16.9.4.tgz",
      "integrity": "sha512-ItGNmJvQ0IvWt8rbk5PLdpdQhvBVxAaXI9hDlx7UMd8Ie1iMIuwMNiKeTfmVN517CdplpyXvA22X4zm4jGGZnw==",
      "requires": {
        "@types/prop-types": "*",
        "csstype": "^2.2.0"
      }
    },
    "@types/react-dom": {
      "version": "16.9.1",
      "resolved": "https://registry.npmjs.org/@types/react-dom/-/react-dom-16.9.1.tgz",
      "integrity": "sha512-1S/akvkKr63qIUWVu5IKYou2P9fHLb/P2VAwyxVV85JGaGZTcUniMiTuIqM3lXFB25ej6h+CYEQ27ERVwi6eGA==",
      "requires": {
        "@types/react": "*"
      }
    },
    "core-util-is": {
      "version": "1.0.2",
      "resolved": "https://registry.npmjs.org/core-util-is/-/core-util-is-1.0.2.tgz",
      "integrity": "sha1-tf1UIgqivFq1eqtxQMlAdUUDwac="
    },
    "csstype": {
      "version": "2.6.6",
      "resolved": "https://registry.npmjs.org/csstype/-/csstype-2.6.6.tgz",
      "integrity": "sha512-RpFbQGUE74iyPgvr46U9t1xoQBM8T4BL8SxrN66Le2xYAPSaDJJKeztV3awugusb3g3G9iL8StmkBBXhcbbXhg=="
    },
    "font-awesome": {
      "version": "4.7.0",
      "resolved": "https://registry.npmjs.org/font-awesome/-/font-awesome-4.7.0.tgz",
      "integrity": "sha1-j6jPBBGhoxr9B7BtKQK7n8gVoTM="
    },
    "immediate": {
      "version": "3.0.6",
      "resolved": "https://registry.npmjs.org/immediate/-/immediate-3.0.6.tgz",
      "integrity": "sha1-nbHb0Pr43m++D13V5Wu2BigN5ps="
    },
    "inherits": {
      "version": "2.0.4",
      "resolved": "https://registry.npmjs.org/inherits/-/inherits-2.0.4.tgz",
      "integrity": "sha512-k/vGaX4/Yla3WzyMCvTQOXYeIHvqOKtnqBduzTHpzpQZzAskKMhZ2K+EnBiSM9zGSoIFeMpXKxa4dYeZIQqewQ=="
    },
    "isarray": {
      "version": "1.0.0",
      "resolved": "https://registry.npmjs.org/isarray/-/isarray-1.0.0.tgz",
      "integrity": "sha1-u5NdSFgsuhaMBoNJV6VKPgcSTxE="
    },
    "js-tokens": {
      "version": "4.0.0",
      "resolved": "https://registry.npmjs.org/js-tokens/-/js-tokens-4.0.0.tgz",
      "integrity": "sha512-RdJUflcE3cUzKiMqQgsCu06FPu9UdIJO0beYbPhHN4k6apgJtifcoCtT9bcxOpYBtpD2kCM6Sbzg4CausW/PKQ=="
    },
    "jszip": {
      "version": "3.2.2",
      "resolved": "https://registry.npmjs.org/jszip/-/jszip-3.2.2.tgz",
      "integrity": "sha512-NmKajvAFQpbg3taXQXr/ccS2wcucR1AZ+NtyWp2Nq7HHVsXhcJFR8p0Baf32C2yVvBylFWVeKf+WI2AnvlPhpA==",
      "requires": {
        "lie": "~3.3.0",
        "pako": "~1.0.2",
        "readable-stream": "~2.3.6",
        "set-immediate-shim": "~1.0.1"
      }
    },
    "lie": {
      "version": "3.3.0",
      "resolved": "https://registry.npmjs.org/lie/-/lie-3.3.0.tgz",
      "integrity": "sha512-UaiMJzeWRlEujzAuw5LokY1L5ecNQYZKfmyZ9L7wDHb/p5etKaxXhohBcrw0EYby+G/NA52vRSN4N39dxHAIwQ==",
      "requires": {
        "immediate": "~3.0.5"
      }
    },
    "loose-envify": {
      "version": "1.4.0",
      "resolved": "https://registry.npmjs.org/loose-envify/-/loose-envify-1.4.0.tgz",
      "integrity": "sha512-lyuxPGr/Wfhrlem2CL/UcnUc1zcqKAImBDzukY7Y5F/yQiNdko6+fRLevlw1HgMySw7f611UIY408EtxRSoK3Q==",
      "requires": {
        "js-tokens": "^3.0.0 || ^4.0.0"
      }
    },
    "object-assign": {
      "version": "4.1.1",
      "resolved": "https://registry.npmjs.org/object-assign/-/object-assign-4.1.1.tgz",
      "integrity": "sha1-IQmtx5ZYh8/AXLvUQsrIv7s2CGM="
    },
    "pako": {
      "version": "1.0.10",
      "resolved": "https://registry.npmjs.org/pako/-/pako-1.0.10.tgz",
      "integrity": "sha512-0DTvPVU3ed8+HNXOu5Bs+o//Mbdj9VNQMUOe9oKCwh8l0GNwpTDMKCWbRjgtD291AWnkAgkqA/LOnQS8AmS1tw=="
    },
    "process-nextick-args": {
      "version": "2.0.1",
      "resolved": "https://registry.npmjs.org/process-nextick-args/-/process-nextick-args-2.0.1.tgz",
      "integrity": "sha512-3ouUOpQhtgrbOa17J7+uxOTpITYWaGP7/AhoR3+A+/1e9skrzelGi/dXzEYyvbxubEF6Wn2ypscTKiKJFFn1ag=="
    },
    "prop-types": {
      "version": "15.7.2",
      "resolved": "https://registry.npmjs.org/prop-types/-/prop-types-15.7.2.tgz",
      "integrity": "sha512-8QQikdH7//R2vurIJSutZ1smHYTcLpRWEOlHnzcWHmBYrOGUysKwSsrC89BCiFj3CbrfJ/nXFdJepOVrY1GCHQ==",
      "requires": {
        "loose-envify": "^1.4.0",
        "object-assign": "^4.1.1",
        "react-is": "^16.8.1"
      }
    },
    "react-gesture-gallery": {
      "version": "1.1.0",
      "resolved": "https://registry.npmjs.org/react-gesture-gallery/-/react-gesture-gallery-1.1.0.tgz",
      "integrity": "sha512-596ABR6cORz1WfjDTcmlTZwTl/dvfWAHx6INuegeCn1njHBV+y01jbxk9bik7yR+WKqW6WPOZwOWNxlxUuG4Mg==",
      "requires": {
        "@types/react": "^16.8.10",
        "@types/react-dom": "^16.8.3",
        "react-page-controller": "^3.1.0",
        "tslib": "^1.9.3"
      }
    },
    "react-gesture-responder": {
      "version": "2.1.0",
      "resolved": "https://registry.npmjs.org/react-gesture-responder/-/react-gesture-responder-2.1.0.tgz",
      "integrity": "sha512-uXfFNOtSus5zo2u2WoXMmfAWLdbAYvubmA4AOk9UyLO9n7koVagvSHW7MOUEnhE+F6NeVuyTc+8pyZxLKwyxmg==",
      "requires": {
        "@types/react": "^16.8.10",
        "@types/react-dom": "^16.8.3",
        "tslib": "^1.9.3"
      }
    },
    "react-is": {
      "version": "16.10.1",
      "resolved": "https://registry.npmjs.org/react-is/-/react-is-16.10.1.tgz",
      "integrity": "sha512-BXUMf9sIOPXXZWqr7+c5SeOKJykyVr2u0UDzEf4LNGc6taGkQe1A9DFD07umCIXz45RLr9oAAwZbAJ0Pkknfaw=="
    },
    "react-page-controller": {
      "version": "3.1.0",
      "resolved": "https://registry.npmjs.org/react-page-controller/-/react-page-controller-3.1.0.tgz",
      "integrity": "sha512-DlxVC/wOcbsiEEOp5LTUfKsJEGi8SfvLyGJMONSP5cOEQEI+MO/FKNSB8IwOgkit8MccT9PPZYDchNqcORQvNQ==",
      "requires": {
        "@types/classnames": "^2.2.7",
        "@types/react": "^16.8.10",
        "@types/react-dom": "^16.8.3",
        "react-spring": "^9.0.0-beta.31",
        "resize-observer-polyfill": "^1.5.1",
        "tslib": "^1.9.3",
        "use-scroll-lock": "^1.0.0"
      }
    },
    "react-spring": {
      "version": "9.0.0-canary.809.3.a66b280",
      "resolved": "https://registry.npmjs.org/react-spring/-/react-spring-9.0.0-canary.809.3.a66b280.tgz",
      "integrity": "sha512-uKiF7BZifV3VptKL69RJRMTO/uzs2THAwJ1eXp7MnHq6zBc+03En0cxYNKhh3TZbAY32tF5ZmxydufDp/mwHyg==",
      "requires": {
        "@babel/runtime": "^7.3.1",
        "@react-spring/addons": "9.0.0-canary.809.3.a66b280",
        "@react-spring/core": "9.0.0-canary.809.3.a66b280",
        "@react-spring/konva": "9.0.0-canary.809.3.a66b280",
        "@react-spring/native": "9.0.0-canary.809.3.a66b280",
        "@react-spring/three": "9.0.0-canary.809.3.a66b280",
        "@react-spring/web": "9.0.0-canary.809.3.a66b280",
        "@react-spring/zdog": "9.0.0-canary.809.3.a66b280"
      }
    },
    "readable-stream": {
      "version": "2.3.6",
      "resolved": "https://registry.npmjs.org/readable-stream/-/readable-stream-2.3.6.tgz",
      "integrity": "sha512-tQtKA9WIAhBF3+VLAseyMqZeBjW0AHJoxOtYqSUZNJxauErmLbVm2FW1y+J/YA9dUrAC39ITejlZWhVIwawkKw==",
      "requires": {
        "core-util-is": "~1.0.0",
        "inherits": "~2.0.3",
        "isarray": "~1.0.0",
        "process-nextick-args": "~2.0.0",
        "safe-buffer": "~5.1.1",
        "string_decoder": "~1.1.1",
        "util-deprecate": "~1.0.1"
      }
    },
    "regenerator-runtime": {
      "version": "0.13.3",
      "resolved": "https://registry.npmjs.org/regenerator-runtime/-/regenerator-runtime-0.13.3.tgz",
      "integrity": "sha512-naKIZz2GQ8JWh///G7L3X6LaQUAMp2lvb1rvwwsURe/VXwD6VMfr+/1NuNw3ag8v2kY1aQ/go5SNn79O9JU7yw=="
    },
    "resize-observer-polyfill": {
      "version": "1.5.1",
      "resolved": "https://registry.npmjs.org/resize-observer-polyfill/-/resize-observer-polyfill-1.5.1.tgz",
      "integrity": "sha512-LwZrotdHOo12nQuZlHEmtuXdqGoOD0OhaxopaNFxWzInpEgaLWoVuAMbTzixuosCx2nEG58ngzW3vxdWoxIgdg=="
    },
    "safe-buffer": {
      "version": "5.1.2",
      "resolved": "https://registry.npmjs.org/safe-buffer/-/safe-buffer-5.1.2.tgz",
      "integrity": "sha512-Gd2UZBJDkXlY7GbJxfsE8/nvKkUEU1G38c1siN6QP6a9PT9MmHB8GnpscSmMJSoF8LOIrt8ud/wPtojys4G6+g=="
    },
    "scroll-lock": {
      "version": "2.1.2",
      "resolved": "https://registry.npmjs.org/scroll-lock/-/scroll-lock-2.1.2.tgz",
      "integrity": "sha512-m/gjn3+bOtyc4jS9fE4FYOLypzRDoV3vICnA0kz6TVUL4gQWUVqPT9cqaU2FbMo9doNDBKiBV2pP8L2+98We5g=="
    },
    "set-immediate-shim": {
      "version": "1.0.1",
      "resolved": "https://registry.npmjs.org/set-immediate-shim/-/set-immediate-shim-1.0.1.tgz",
      "integrity": "sha1-SysbJ+uAip+NzEgaWOXlb1mfP2E="
    },
    "string_decoder": {
      "version": "1.1.1",
      "resolved": "https://registry.npmjs.org/string_decoder/-/string_decoder-1.1.1.tgz",
      "integrity": "sha512-n/ShnvDi6FHbbVfviro+WojiFzv+s8MPMHBczVePfUpDJLwoLT0ht1l4YwBCbi8pJAveEEdnkHyPyTP/mzRfwg==",
      "requires": {
        "safe-buffer": "~5.1.0"
      }
    },
    "tslib": {
      "version": "1.10.0",
      "resolved": "https://registry.npmjs.org/tslib/-/tslib-1.10.0.tgz",
      "integrity": "sha512-qOebF53frne81cf0S9B41ByenJ3/IuH8yJKngAX35CmiZySA0khhkovshKK+jGCaMnVomla7gVlIcc3EvKPbTQ=="
    },
    "use-memo-one": {
      "version": "1.1.1",
      "resolved": "https://registry.npmjs.org/use-memo-one/-/use-memo-one-1.1.1.tgz",
      "integrity": "sha512-oFfsyun+bP7RX8X2AskHNTxu+R3QdE/RC5IefMbqptmACAA/gfol1KDD5KRzPsGMa62sWxGZw+Ui43u6x4ddoQ=="
    },
    "use-scroll-lock": {
      "version": "1.0.0",
      "resolved": "https://registry.npmjs.org/use-scroll-lock/-/use-scroll-lock-1.0.0.tgz",
      "integrity": "sha512-XqxZI0DFsEBJ7IBwhQg5pn9UXJezYmkQN7Hqo4mxAJ0XNKaRVZjY+NVnxsjjKZD0Ze6gVu8naTrkTOPyC7Y3bA==",
      "requires": {
        "@types/react": "^16.8.10",
        "@types/react-dom": "^16.8.3",
        "scroll-lock": "^2.1.2",
        "tslib": "^1.9.3"
      }
    },
    "util-deprecate": {
      "version": "1.0.2",
      "resolved": "https://registry.npmjs.org/util-deprecate/-/util-deprecate-1.0.2.tgz",
      "integrity": "sha1-RQ1Nyfpw3nMnYvvS1KKJgUGaDM8="
    }
  }
}
